
Microsoft Visual Studio Solution File, Format Version 12.00
# Visual Studio Version 17
VisualStudioVersion = 17.3.32825.248
MinimumVisualStudioVersion = 10.0.40219.1
Project("{FAE04EC0-301F-11D3-BF4B-00C04F79EFBC}") = "HouseholdIncomeAndExpensesWebbApp", "HouseholdIncomeAndExpensesWebbApp\HouseholdIncomeAndExpensesWebbApp.csproj", "{9B84CD91-EC29-4647-8D21-3307E176A381}"
EndProject
Project("{FAE04EC0-301F-11D3-BF4B-00C04F79EFBC}") = "App.Infrastructure", "App.Infrastructure\App.Infrastructure.csproj", "{323C3214-794E-4976-97E6-328D9B9141BB}"
EndProject
Project("{FAE04EC0-301F-11D3-BF4B-00C04F79EFBC}") = "App.Core", "App.Core\App.Core.csproj", "{3AAFADE0-5A4C-4907-AD63-842074F88BE7}"
EndProject
Global
	GlobalSection(SolutionConfigurationPlatforms) = preSolution
		Debug|Any CPU = Debug|Any CPU
		Release|Any CPU = Release|Any CPU
	EndGlobalSection
	GlobalSection(ProjectConfigurationPlatforms) = postSolution
		{9B84CD91-EC29-4647-8D21-3307E176A381}.Debug|Any CPU.ActiveCfg = Debug|Any CPU
		{9B84CD91-EC29-4647-8D21-3307E176A381}.Debug|Any CPU.Build.0 = Debug|Any CPU
		{9B84CD91-EC29-4647-8D21-3307E176A381}.Release|Any CPU.ActiveCfg = Release|Any CPU
		{9B84CD91-EC29-4647-8D21-3307E176A381}.Release|Any CPU.Build.0 = Release|Any CPU
		{323C3214-794E-4976-97E6-328D9B9141BB}.Debug|Any CPU.ActiveCfg = Debug|Any CPU
		{323C3214-794E-4976-97E6-328D9B9141BB}.Debug|Any CPU.Build.0 = Debug|Any CPU
		{323C3214-794E-4976-97E6-328D9B9141BB}.Release|Any CPU.ActiveCfg = Release|Any CPU
		{323C3214-794E-4976-97E6-328D9B9141BB}.Release|Any CPU.Build.0 = Release|Any CPU
		{3AAFADE0-5A4C-4907-AD63-842074F88BE7}.Debug|Any CPU.ActiveCfg = Debug|Any CPU
		{3AAFADE0-5A4C-4907-AD63-842074F88BE7}.Debug|Any CPU.Build.0 = Debug|Any CPU
		{3AAFADE0-5A4C-4907-AD63-842074F88BE7}.Release|Any CPU.ActiveCfg = Release|Any CPU
		{3AAFADE0-5A4C-4907-AD63-842074F88BE7}.Release|Any CPU.Build.0 = Release|Any CPU
	EndGlobalSection
	GlobalSection(SolutionProperties) = preSolution
		HideSolutionNode = FALSE
	EndGlobalSection
	GlobalSection(ExtensibilityGlobals) = postSolution
		SolutionGuid = {C27BD09F-645B-4C95-BD1F-30437A723A6D}
	EndGlobalSection
EndGlobal
